// !$*UTF8*$!
{
	archiveVersion = 1;
	classes = {
	};
	objectVersion = 46;
	objects = {

/* Begin PBXBuildFile section */
		87E4A5981CD9E6C1001F0FB6 /* AppDelegate.swift in Sources */ = {isa = PBXBuildFile; fileRef = 87E4A5971CD9E6C1001F0FB6 /* AppDelegate.swift */; };
		87E4A59A1CD9E6C1001F0FB6 /* ViewController.swift in Sources */ = {isa = PBXBuildFile; fileRef = 87E4A5991CD9E6C1001F0FB6 /* ViewController.swift */; };
		87E4A59D1CD9E6C1001F0FB6 /* Main.storyboard in Resources */ = {isa = PBXBuildFile; fileRef = 87E4A59B1CD9E6C1001F0FB6 /* Main.storyboard */; };
		87E4A59F1CD9E6C1001F0FB6 /* Assets.xcassets in Resources */ = {isa = PBXBuildFile; fileRef = 87E4A59E1CD9E6C1001F0FB6 /* Assets.xcassets */; };
		87E4A5A21CD9E6C1001F0FB6 /* LaunchScreen.storyboard in Resources */ = {isa = PBXBuildFile; fileRef = 87E4A5A01CD9E6C1001F0FB6 /* LaunchScreen.storyboard */; };
		87E4A5AD1CD9E6C1001F0FB6 /* GitExampleTests.swift in Sources */ = {isa = PBXBuildFile; fileRef = 87E4A5AC1CD9E6C1001F0FB6 /* GitExampleTests.swift */; };
		87E4A5B81CD9E6C1001F0FB6 /* GitExampleUITests.swift in Sources */ = {isa = PBXBuildFile; fileRef = 87E4A5B71CD9E6C1001F0FB6 /* GitExampleUITests.swift */; };
/* End PBXBuildFile section */

/* Begin PBXContainerItemProxy section */
		87E4A5A91CD9E6C1001F0FB6 /* PBXContainerItemProxy */ = {
			isa = PBXContainerItemProxy;
			containerPortal = 87E4A58C1CD9E6C0001F0FB6 /* Project object */;
			proxyType = 1;
			remoteGlobalIDString = 87E4A5931CD9E6C0001F0FB6;
			remoteInfo = GitExample;
		};
		87E4A5B41CD9E6C1001F0FB6 /* PBXContainerItemProxy */ = {
			isa = PBXContainerItemProxy;
			containerPortal = 87E4A58C1CD9E6C0001F0FB6 /* Project object */;
			proxyType = 1;
			remoteGlobalIDString = 87E4A5931CD9E6C0001F0FB6;
			remoteInfo = GitExample;
		};
/* End PBXContainerItemProxy section */

/* Begin PBXFileReference section */
		87E4A5941CD9E6C0001F0FB6 /* GitExample.app */ = {isa = PBXFileReference; explicitFileType = wrapper.application; includeInIndex = 0; path = GitExample.app; sourceTree = BUILT_PRODUCTS_DIR; };
		87E4A5971CD9E6C1001F0FB6 /* AppDelegate.swift */ = {isa = PBXFileReference; lastKnownFileType = sourcecode.swift; path = AppDelegate.swift; sourceTree = "<group>"; };
		87E4A5991CD9E6C1001F0FB6 /* ViewController.swift */ = {isa = PBXFileReference; lastKnownFileType = sourcecode.swift; path = ViewController.swift; sourceTree = "<group>"; };
		87E4A59C1CD9E6C1001F0FB6 /* Base */ = {isa = PBXFileReference; lastKnownFileType = file.storyboard; name = Base; path = Base.lproj/Main.storyboard; sourceTree = "<group>"; };
		87E4A59E1CD9E6C1001F0FB6 /* Assets.xcassets */ = {isa = PBXFileReference; lastKnownFileType = folder.assetcatalog; path = Assets.xcassets; sourceTree = "<group>"; };
		87E4A5A11CD9E6C1001F0FB6 /* Base */ = {isa = PBXFileReference; lastKnownFileType = file.storyboard; name = Base; path = Base.lproj/LaunchScreen.storyboard; sourceTree = "<group>"; };
		87E4A5A31CD9E6C1001F0FB6 /* Info.plist */ = {isa = PBXFileReference; lastKnownFileType = text.plist.xml; path = Info.plist; sourceTree = "<group>"; };
		87E4A5A81CD9E6C1001F0FB6 /* GitExampleTests.xctest */ = {isa = PBXFileReference; explicitFileType = wrapper.cfbundle; includeInIndex = 0; path = GitExampleTests.xctest; sourceTree = BUILT_PRODUCTS_DIR; };
		87E4A5AC1CD9E6C1001F0FB6 /* GitExampleTests.swift */ = {isa = PBXFileReference; lastKnownFileType = sourcecode.swift; path = GitExampleTests.swift; sourceTree = "<group>"; };
		87E4A5AE1CD9E6C1001F0FB6 /* Info.plist */ = {isa = PBXFileReference; lastKnownFileType = text.plist.xml; path = Info.plist; sourceTree = "<group>"; };
		87E4A5B31CD9E6C1001F0FB6 /* GitExampleUITests.xctest */ = {isa = PBXFileReference; explicitFileType = wrapper.cfbundle; includeInIndex = 0; path = GitExampleUITests.xctest; sourceTree = BUILT_PRODUCTS_DIR; };
		87E4A5B71CD9E6C1001F0FB6 /* GitExampleUITests.swift */ = {isa = PBXFileReference; lastKnownFileType = sourcecode.swift; path = GitExampleUITests.swift; sourceTree = "<group>"; };
		87E4A5B91CD9E6C1001F0FB6 /* Info.plist */ = {isa = PBXFileReference; lastKnownFileType = text.plist.xml; path = Info.plist; sourceTree = "<group>"; };
/* End PBXFileReference section */

/* Begin PBXFrameworksBuildPhase section */
		87E4A5911CD9E6C0001F0FB6 /* Frameworks */ = {
			isa = PBXFrameworksBuildPhase;
			buildActionMask = 2147483647;
			files = (
			);
			runOnlyForDeploymentPostprocessing = 0;
		};
		87E4A5A51CD9E6C1001F0FB6 /* Frameworks */ = {
			isa = PBXFrameworksBuildPhase;
			buildActionMask = 2147483647;
			files = (
			);
			runOnlyForDeploymentPostprocessing = 0;
		};
		87E4A5B01CD9E6C1001F0FB6 /* Frameworks */ = {
			isa = PBXFrameworksBuildPhase;
			buildActionMask = 2147483647;
			files = (
			);
			runOnlyForDeploymentPostprocessing = 0;
		};
/* End PBXFrameworksBuildPhase section */

/* Begin PBXGroup section */
		87E4A58B1CD9E6C0001F0FB6 = {
			isa = PBXGroup;
			children = (
				87E4A5961CD9E6C1001F0FB6 /* GitExample */,
				87E4A5AB1CD9E6C1001F0FB6 /* GitExampleTests */,
				87E4A5B61CD9E6C1001F0FB6 /* GitExampleUITests */,
				87E4A5951CD9E6C0001F0FB6 /* Products */,
			);
			sourceTree = "<group>";
		};
		87E4A5951CD9E6C0001F0FB6 /* Products */ = {
			isa = PBXGroup;
			children = (
				87E4A5941CD9E6C0001F0FB6 /* GitExample.app */,
				87E4A5A81CD9E6C1001F0FB6 /* GitExampleTests.xctest */,
				87E4A5B31CD9E6C1001F0FB6 /* GitExampleUITests.xctest */,
			);
			name = Products;
			sourceTree = "<group>";
		};
		87E4A5961CD9E6C1001F0FB6 /* GitExample */ = {
			isa = PBXGroup;
			children = (
				87E4A5971CD9E6C1001F0FB6 /* AppDelegate.swift */,
				87E4A5991CD9E6C1001F0FB6 /* ViewController.swift */,
				87E4A59B1CD9E6C1001F0FB6 /* Main.storyboard */,
				87E4A59E1CD9E6C1001F0FB6 /* Assets.xcassets */,
				87E4A5A01CD9E6C1001F0FB6 /* LaunchScreen.storyboard */,
				87E4A5A31CD9E6C1001F0FB6 /* Info.plist */,
			);
			path = GitExample;
			sourceTree = "<group>";
		};
		87E4A5AB1CD9E6C1001F0FB6 /* GitExampleTests */ = {
			isa = PBXGroup;
			children = (
				87E4A5AC1CD9E6C1001F0FB6 /* GitExampleTests.swift */,
				87E4A5AE1CD9E6C1001F0FB6 /* Info.plist */,
			);
			path = GitExampleTests;
			sourceTree = "<group>";
		};
		87E4A5B61CD9E6C1001F0FB6 /* GitExampleUITests */ = {
			isa = PBXGroup;
			children = (
				87E4A5B71CD9E6C1001F0FB6 /* GitExampleUITests.swift */,
				87E4A5B91CD9E6C1001F0FB6 /* Info.plist */,
			);
			path = GitExampleUITests;
			sourceTree = "<group>";
		};
/* End PBXGroup section */

/* Begin PBXNativeTarget section */
		87E4A5931CD9E6C0001F0FB6 /* GitExample */ = {
			isa = PBXNativeTarget;
			buildConfigurationList = 87E4A5BC1CD9E6C1001F0FB6 /* Build configuration list for PBXNativeTarget "GitExample" */;
			buildPhases = (
				87E4A5901CD9E6C0001F0FB6 /* Sources */,
				87E4A5911CD9E6C0001F0FB6 /* Frameworks */,
				87E4A5921CD9E6C0001F0FB6 /* Resources */,
			);
			buildRules = (
			);
			dependencies = (
			);
			name = GitExample;
			productName = GitExample;
			productReference = 87E4A5941CD9E6C0001F0FB6 /* GitExample.app */;
			productType = "com.apple.product-type.application";
		};
		87E4A5A71CD9E6C1001F0FB6 /* GitExampleTests */ = {
			isa = PBXNativeTarget;
			buildConfigurationList = 87E4A5BF1CD9E6C1001F0FB6 /* Build configuration list for PBXNativeTarget "GitExampleTests" */;
			buildPhases = (
				87E4A5A41CD9E6C1001F0FB6 /* Sources */,
				87E4A5A51CD9E6C1001F0FB6 /* Frameworks */,
				87E4A5A61CD9E6C1001F0FB6 /* Resources */,
			);
			buildRules = (
			);
			dependencies = (
				87E4A5AA1CD9E6C1001F0FB6 /* PBXTargetDependency */,
			);
			name = GitExampleTests;
			productName = GitExampleTests;
			productReference = 87E4A5A81CD9E6C1001F0FB6 /* GitExampleTests.xctest */;
			productType = "com.apple.product-type.bundle.unit-test";
		};
		87E4A5B21CD9E6C1001F0FB6 /* GitExampleUITests */ = {
			isa = PBXNativeTarget;
			buildConfigurationList = 87E4A5C21CD9E6C1001F0FB6 /* Build configuration list for PBXNativeTarget "GitExampleUITests" */;
			buildPhases = (
				87E4A5AF1CD9E6C1001F0FB6 /* Sources */,
				87E4A5B01CD9E6C1001F0FB6 /* Frameworks */,
				87E4A5B11CD9E6C1001F0FB6 /* Resources */,
			);
			buildRules = (
			);
			dependencies = (
				87E4A5B51CD9E6C1001F0FB6 /* PBXTargetDependency */,
			);
			name = GitExampleUITests;
			productName = GitExampleUITests;
			productReference = 87E4A5B31CD9E6C1001F0FB6 /* GitExampleUITests.xctest */;
			productType = "com.apple.product-type.bundle.ui-testing";
		};
/* End PBXNativeTarget section */

/* Begin PBXProject section */
		87E4A58C1CD9E6C0001F0FB6 /* Project object */ = {
			isa = PBXProject;
			attributes = {
				LastSwiftUpdateCheck = 0730;
				LastUpgradeCheck = 0730;
				ORGANIZATIONNAME = "Theo van Boxel";
				TargetAttributes = {
					87E4A5931CD9E6C0001F0FB6 = {
						CreatedOnToolsVersion = 7.3;
					};
					87E4A5A71CD9E6C1001F0FB6 = {
						CreatedOnToolsVersion = 7.3;
						TestTargetID = 87E4A5931CD9E6C0001F0FB6;
					};
					87E4A5B21CD9E6C1001F0FB6 = {
						CreatedOnToolsVersion = 7.3;
						TestTargetID = 87E4A5931CD9E6C0001F0FB6;
					};
				};
			};
			buildConfigurationList = 87E4A58F1CD9E6C0001F0FB6 /* Build configuration list for PBXProject "GitExample" */;
			compatibilityVersion = "Xcode 3.2";
			developmentRegion = English;
			hasScannedForEncodings = 0;
			knownRegions = (
				en,
				Base,
			);
			mainGroup = 87E4A58B1CD9E6C0001F0FB6;
			productRefGroup = 87E4A5951CD9E6C0001F0FB6 /* Products */;
			projectDirPath = "";
			projectRoot = "";
			targets = (
				87E4A5931CD9E6C0001F0FB6 /* GitExample */,
				87E4A5A71CD9E6C1001F0FB6 /* GitExampleTests */,
				87E4A5B21CD9E6C1001F0FB6 /* GitExampleUITests */,
			);
		};
/* End PBXProject section */

/* Begin PBXResourcesBuildPhase section */
		87E4A5921CD9E6C0001F0FB6 /* Resources */ = {
			isa = PBXResourcesBuildPhase;
			buildActionMask = 2147483647;
			files = (
				87E4A5A21CD9E6C1001F0FB6 /* LaunchScreen.storyboard in Resources */,
				87E4A59F1CD9E6C1001F0FB6 /* Assets.xcassets in Resources */,
				87E4A59D1CD9E6C1001F0FB6 /* Main.storyboard in Resources */,
			);
			runOnlyForDeploymentPostprocessing = 0;
		};
		87E4A5A61CD9E6C1001F0FB6 /* Resources */ = {
			isa = PBXResourcesBuildPhase;
			buildActionMask = 2147483647;
			files = (
			);
			runOnlyForDeploymentPostprocessing = 0;
		};
		87E4A5B11CD9E6C1001F0FB6 /* Resources */ = {
			isa = PBXResourcesBuildPhase;
			buildActionMask = 2147483647;
			files = (
			);
			runOnlyForDeploymentPostprocessing = 0;
		};
/* End PBXResourcesBuildPhase section */

/* Begin PBXSourcesBuildPhase section */
		87E4A5901CD9E6C0001F0FB6 /* Sources */ = {
			isa = PBXSourcesBuildPhase;
			buildActionMask = 2147483647;
			files = (
				87E4A59A1CD9E6C1001F0FB6 /* ViewController.swift in Sources */,
				87E4A5981CD9E6C1001F0FB6 /* AppDelegate.swift in Sources */,
			);
			runOnlyForDeploymentPostprocessing = 0;
		};
		87E4A5A41CD9E6C1001F0FB6 /* Sources */ = {
			isa = PBXSourcesBuildPhase;
			buildActionMask = 2147483647;
			files = (
				87E4A5AD1CD9E6C1001F0FB6 /* GitExampleTests.swift in Sources */,
			);
			runOnlyForDeploymentPostprocessing = 0;
		};
		87E4A5AF1CD9E6C1001F0FB6 /* Sources */ = {
			isa = PBXSourcesBuildPhase;
			buildActionMask = 2147483647;
			files = (
				87E4A5B81CD9E6C1001F0FB6 /* GitExampleUITests.swift in Sources */,
			);
			runOnlyForDeploymentPostprocessing = 0;
		};
/* End PBXSourcesBuildPhase section */

/* Begin PBXTargetDependency section */
		87E4A5AA1CD9E6C1001F0FB6 /* PBXTargetDependency */ = {
			isa = PBXTargetDependency;
			target = 87E4A5931CD9E6C0001F0FB6 /* GitExample */;
			targetProxy = 87E4A5A91CD9E6C1001F0FB6 /* PBXContainerItemProxy */;
		};
		87E4A5B51CD9E6C1001F0FB6 /* PBXTargetDependency */ = {
			isa = PBXTargetDependency;
			target = 87E4A5931CD9E6C0001F0FB6 /* GitExample */;
			targetProxy = 87E4A5B41CD9E6C1001F0FB6 /* PBXContainerItemProxy */;
		};
/* End PBXTargetDependency section */

/* Begin PBXVariantGroup section */
		87E4A59B1CD9E6C1001F0FB6 /* Main.storyboard */ = {
			isa = PBXVariantGroup;
			children = (
				87E4A59C1CD9E6C1001F0FB6 /* Base */,
			);
			name = Main.storyboard;
			sourceTree = "<group>";
		};
		87E4A5A01CD9E6C1001F0FB6 /* LaunchScreen.storyboard */ = {
			isa = PBXVariantGroup;
			children = (
				87E4A5A11CD9E6C1001F0FB6 /* Base */,
			);
			name = LaunchScreen.storyboard;
			sourceTree = "<group>";
		};
/* End PBXVariantGroup section */

/* Begin XCBuildConfiguration section */
		87E4A5BA1CD9E6C1001F0FB6 /* Debug */ = {
			isa = XCBuildConfiguration;
			buildSettings = {
				ALWAYS_SEARCH_USER_PATHS = NO;
				CLANG_ANALYZER_NONNULL = YES;
				CLANG_CXX_LANGUAGE_STANDARD = "gnu++0x";
				CLANG_CXX_LIBRARY = "libc++";
				CLANG_ENABLE_MODULES = YES;
				CLANG_ENABLE_OBJC_ARC = YES;
				CLANG_WARN_BOOL_CONVERSION = YES;
				CLANG_WARN_CONSTANT_CONVERSION = YES;
				CLANG_WARN_DIRECT_OBJC_ISA_USAGE = YES_ERROR;
				CLANG_WARN_EMPTY_BODY = YES;
				CLANG_WARN_ENUM_CONVERSION = YES;
				CLANG_WARN_INT_CONVERSION = YES;
				CLANG_WARN_OBJC_ROOT_CLASS = YES_ERROR;
				CLANG_WARN_UNREACHABLE_CODE = YES;
				CLANG_WARN__DUPLICATE_METHOD_MATCH = YES;
				"CODE_SIGN_IDENTITY[sdk=iphoneos*]" = "iPhone Developer";
				COPY_PHASE_STRIP = NO;
				DEBUG_INFORMATION_FORMAT = dwarf;
				ENABLE_STRICT_OBJC_MSGSEND = YES;
				ENABLE_TESTABILITY = YES;
				GCC_C_LANGUAGE_STANDARD = gnu99;
				GCC_DYNAMIC_NO_PIC = NO;
				GCC_NO_COMMON_BLOCKS = YES;
				GCC_OPTIMIZATION_LEVEL = 0;
				GCC_PREPROCESSOR_DEFINITIONS = (
					"DEBUG=1",
					"$(inherited)",
				);
				GCC_WARN_64_TO_32_BIT_CONVERSION = YES;
				GCC_WARN_ABOUT_RETURN_TYPE = YES_ERROR;
				GCC_WARN_UNDECLARED_SELECTOR = YES;
				GCC_WARN_UNINITIALIZED_AUTOS = YES_AGGRESSIVE;
				GCC_WARN_UNUSED_FUNCTION = YES;
				GCC_WARN_UNUSED_VARIABLE = YES;
				IPHONEOS_DEPLOYMENT_TARGET = 9.3;
				MTL_ENABLE_DEBUG_INFO = YES;
				ONLY_ACTIVE_ARCH = YES;
				SDKROOT = iphoneos;
				SWIFT_OPTIMIZATION_LEVEL = "-Onone";
			};
			name = Debug;
		};
		87E4A5BB1CD9E6C1001F0FB6 /* Release */ = {
			isa = XCBuildConfiguration;
			buildSettings = {
				ALWAYS_SEARCH_USER_PATHS = NO;
				CLANG_ANALYZER_NONNULL = YES;
				CLANG_CXX_LANGUAGE_STANDARD = "gnu++0x";
				CLANG_CXX_LIBRARY = "libc++";
				CLANG_ENABLE_MODULES = YES;
				CLANG_ENABLE_OBJC_ARC = YES;
				CLANG_WARN_BOOL_CONVERSION = YES;
				CLANG_WARN_CONSTANT_CONVERSION = YES;
				CLANG_WARN_DIRECT_OBJC_ISA_USAGE = YES_ERROR;
				CLANG_WARN_EMPTY_BODY = YES;
				CLANG_WARN_ENUM_CONVERSION = YES;
				CLANG_WARN_INT_CONVERSION = YES;
				CLANG_WARN_OBJC_ROOT_CLASS = YES_ERROR;
				CLANG_WARN_UNREACHABLE_CODE = YES;
				CLANG_WARN__DUPLICATE_METHOD_MATCH = YES;
				"CODE_SIGN_IDENTITY[sdk=iphoneos*]" = "iPhone Developer";
				COPY_PHASE_STRIP = NO;
				DEBUG_INFORMATION_FORMAT = "dwarf-with-dsym";
				ENABLE_NS_ASSERTIONS = NO;
				ENABLE_STRICT_OBJC_MSGSEND = YES;
				GCC_C_LANGUAGE_STANDARD = gnu99;
				GCC_NO_COMMON_BLOCKS = YES;
				GCC_WARN_64_TO_32_BIT_CONVERSION = YES;
				GCC_WARN_ABOUT_RETURN_TYPE = YES_ERROR;
				GCC_WARN_UNDECLARED_SELECTOR = YES;
				GCC_WARN_UNINITIALIZED_AUTOS = YES_AGGRESSIVE;
				GCC_WARN_UNUSED_FUNCTION = YES;
				GCC_WARN_UNUSED_VARIABLE = YES;
				IPHONEOS_DEPLOYMENT_TARGET = 9.3;
				MTL_ENABLE_DEBUG_INFO = NO;
				SDKROOT = iphoneos;
				VALIDATE_PRODUCT = YES;
			};
			name = Release;
		};
		87E4A5BD1CD9E6C1001F0FB6 /* Debug */ = {
			isa = XCBuildConfiguration;
			buildSettings = {
				ASSETCATALOG_COMPILER_APPICON_NAME = AppIcon;
				INFOPLIST_FILE = GitExample/Info.plist;
				LD_RUNPATH_SEARCH_PATHS = "$(inherited) @executable_path/Frameworks";
				PRODUCT_BUNDLE_IDENTIFIER = com.studiovanboxel.GitExample;
				PRODUCT_NAME = "$(TARGET_NAME)";
			};
			name = Debug;
		};
		87E4A5BE1CD9E6C1001F0FB6 /* Release */ = {
			isa = XCBuildConfiguration;
			buildSettings = {
				ASSETCATALOG_COMPILER_APPICON_NAME = AppIcon;
				INFOPLIST_FILE = GitExample/Info.plist;
				LD_RUNPATH_SEARCH_PATHS = "$(inherited) @executable_path/Frameworks";
				PRODUCT_BUNDLE_IDENTIFIER = com.studiovanboxel.GitExample;
				PRODUCT_NAME = "$(TARGET_NAME)";
			};
			name = Release;
		};
		87E4A5C01CD9E6C1001F0FB6 /* Debug */ = {
			isa = XCBuildConfiguration;
			buildSettings = {
				BUNDLE_LOADER = "$(TEST_HOST)";
				INFOPLIST_FILE = GitExampleTests/Info.plist;
				LD_RUNPATH_SEARCH_PATHS = "$(inherited) @executable_path/Frameworks @loader_path/Frameworks";
				PRODUCT_BUNDLE_IDENTIFIER = com.studiovanboxel.GitExampleTests;
				PRODUCT_NAME = "$(TARGET_NAME)";
				TEST_HOST = "$(BUILT_PRODUCTS_DIR)/GitExample.app/GitExample";
			};
			name = Debug;
		};
		87E4A5C11CD9E6C1001F0FB6 /* Release */ = {
			isa = XCBuildConfiguration;
			buildSettings = {
				BUNDLE_LOADER = "$(TEST_HOST)";
				INFOPLIST_FILE = GitExampleTests/Info.plist;
				LD_RUNPATH_SEARCH_PATHS = "$(inherited) @executable_path/Frameworks @loader_path/Frameworks";
				PRODUCT_BUNDLE_IDENTIFIER = com.studiovanboxel.GitExampleTests;
				PRODUCT_NAME = "$(TARGET_NAME)";
				TEST_HOST = "$(BUILT_PRODUCTS_DIR)/GitExample.app/GitExample";
			};
			name = Release;
		};
		87E4A5C31CD9E6C1001F0FB6 /* Debug */ = {
			isa = XCBuildConfiguration;
			buildSettings = {
				INFOPLIST_FILE = GitExampleUITests/Info.plist;
				LD_RUNPATH_SEARCH_PATHS = "$(inherited) @executable_path/Frameworks @loader_path/Frameworks";
				PRODUCT_BUNDLE_IDENTIFIER = com.studiovanboxel.GitExampleUITests;
				PRODUCT_NAME = "$(TARGET_NAME)";
				TEST_TARGET_NAME = GitExample;
			};
			name = Debug;
		};
		87E4A5C41CD9E6C1001F0FB6 /* Release */ = {
			isa = XCBuildConfiguration;
			buildSettings = {
				INFOPLIST_FILE = GitExampleUITests/Info.plist;
				LD_RUNPATH_SEARCH_PATHS = "$(inherited) @executable_path/Frameworks @loader_path/Frameworks";
				PRODUCT_BUNDLE_IDENTIFIER = com.studiovanboxel.GitExampleUITests;
				PRODUCT_NAME = "$(TARGET_NAME)";
				TEST_TARGET_NAME = GitExample;
			};
			name = Release;
		};
/* End XCBuildConfiguration section */

/* Begin XCConfigurationList section */
		87E4A58F1CD9E6C0001F0FB6 /* Build configuration list for PBXProject "GitExample" */ = {
			isa = XCConfigurationList;
			buildConfigurations = (
				87E4A5BA1CD9E6C1001F0FB6 /* Debug */,
				87E4A5BB1CD9E6C1001F0FB6 /* Release */,
			);
			defaultConfigurationIsVisible = 0;
			defaultConfigurationName = Release;
		};
		87E4A5BC1CD9E6C1001F0FB6 /* Build configuration list for PBXNativeTarget "GitExample" */ = {
			isa = XCConfigurationList;
			buildConfigurations = (
				87E4A5BD1CD9E6C1001F0FB6 /* Debug */,
				87E4A5BE1CD9E6C1001F0FB6 /* Release */,
			);
			defaultConfigurationIsVisible = 0;
		};
		87E4A5BF1CD9E6C1001F0FB6 /* Build configuration list for PBXNativeTarget "GitExampleTests" */ = {
			isa = XCConfigurationList;
			buildConfigurations = (
				87E4A5C01CD9E6C1001F0FB6 /* Debug */,
				87E4A5C11CD9E6C1001F0FB6 /* Release */,
			);
			defaultConfigurationIsVisible = 0;
		};
		87E4A5C21CD9E6C1001F0FB6 /* Build configuration list for PBXNativeTarget "GitExampleUITests" */ = {
			isa = XCConfigurationList;
			buildConfigurations = (
				87E4A5C31CD9E6C1001F0FB6 /* Debug */,
				87E4A5C41CD9E6C1001F0FB6 /* Release */,
			);
			defaultConfigurationIsVisible = 0;
		};
/* End XCConfigurationList section */
	};
	rootObject = 87E4A58C1CD9E6C0001F0FB6 /* Project object */;
}
